
Microsoft Visual Studio Solution File, Format Version 12.00
# Visual Studio Version 17
VisualStudioVersion = 17.0.31903.59
MinimumVisualStudioVersion = 10.0.40219.1
Project("{2150E333-8FDC-42A3-9474-1A3956D46DE8}") = "src", "src", "{B2A7329A-2743-49F3-9BD0-B8007CF445DA}"
EndProject
Project("{FAE04EC0-301F-11D3-BF4B-00C04F79EFBC}") = "OTTracker", "src\OTTracker\OTTracker.csproj", "{719DE572-53ED-4067-8C46-58F92E71E568}"
EndProject
Project("{2150E333-8FDC-42A3-9474-1A3956D46DE8}") = "tests", "tests", "{ADED3E12-8912-4FF4-ADDE-E76B3A7FA52D}"
EndProject
Project("{FAE04EC0-301F-11D3-BF4B-00C04F79EFBC}") = "OTTracker.Tests", "tests\OTTracker.Tests\OTTracker.Tests.csproj", "{1CC53223-A501-4D6F-A330-41B3A181EC88}"
EndProject
Global
	GlobalSection(SolutionConfigurationPlatforms) = preSolution
		Debug|Any CPU = Debug|Any CPU
		Release|Any CPU = Release|Any CPU
	EndGlobalSection
	GlobalSection(SolutionProperties) = preSolution
		HideSolutionNode = FALSE
	EndGlobalSection
	GlobalSection(ProjectConfigurationPlatforms) = postSolution
		{719DE572-53ED-4067-8C46-58F92E71E568}.Debug|Any CPU.ActiveCfg = Debug|Any CPU
		{719DE572-53ED-4067-8C46-58F92E71E568}.Debug|Any CPU.Build.0 = Debug|Any CPU
		{719DE572-53ED-4067-8C46-58F92E71E568}.Release|Any CPU.ActiveCfg = Release|Any CPU
		{719DE572-53ED-4067-8C46-58F92E71E568}.Release|Any CPU.Build.0 = Release|Any CPU
		{1CC53223-A501-4D6F-A330-41B3A181EC88}.Debug|Any CPU.ActiveCfg = Debug|Any CPU
		{1CC53223-A501-4D6F-A330-41B3A181EC88}.Debug|Any CPU.Build.0 = Debug|Any CPU
		{1CC53223-A501-4D6F-A330-41B3A181EC88}.Release|Any CPU.ActiveCfg = Release|Any CPU
		{1CC53223-A501-4D6F-A330-41B3A181EC88}.Release|Any CPU.Build.0 = Release|Any CPU
	EndGlobalSection
	GlobalSection(NestedProjects) = preSolution
		{719DE572-53ED-4067-8C46-58F92E71E568} = {B2A7329A-2743-49F3-9BD0-B8007CF445DA}
		{1CC53223-A501-4D6F-A330-41B3A181EC88} = {ADED3E12-8912-4FF4-ADDE-E76B3A7FA52D}
	EndGlobalSection
EndGlobal
