
Microsoft Visual Studio Solution File, Format Version 12.00
# Visual Studio Version 18
VisualStudioVersion = 18.5.11723.231
MinimumVisualStudioVersion = 10.0.40219.1
Project("{2150E333-8FDC-42A3-9474-1A3956D46DE8}") = "src", "src", "{B2A7329A-2743-49F3-9BD0-B8007CF445DA}"
EndProject
Project("{FAE04EC0-301F-11D3-BF4B-00C04F79EFBC}") = "OTTracker", "src\OTTracker\OTTracker.csproj", "{719DE572-53ED-4067-8C46-58F92E71E568}"
EndProject
Project("{2150E333-8FDC-42A3-9474-1A3956D46DE8}") = "tests", "tests", "{ADED3E12-8912-4FF4-ADDE-E76B3A7FA52D}"
EndProject
Project("{FAE04EC0-301F-11D3-BF4B-00C04F79EFBC}") = "OTTracker.Tests", "tests\OTTracker.Tests\OTTracker.Tests.csproj", "{1CC53223-A501-4D6F-A330-41B3A181EC88}"
EndProject
Project("{FAE04EC0-301F-11D3-BF4B-00C04F79EFBC}") = "OTTracker-Avalonia.Tests", "tests\OTTracker-Avalonia.Tests\OTTracker-Avalonia.Tests.csproj", "{DEA774D4-BFF0-F32B-5341-0EC5AFABBB3A}"
EndProject
Project("{FAE04EC0-301F-11D3-BF4B-00C04F79EFBC}") = "OTTracker-Avalonia", "src\OTTracker-Avalonia\OTTracker-Avalonia.csproj", "{905A45B3-CFDA-40B3-06DB-527606F5303D}"
EndProject
Project("{FAE04EC0-301F-11D3-BF4B-00C04F79EFBC}") = "OTTracker-Domain", "src\OTTracker-Domain\OTTracker-Domain.csproj", "{D5E98E00-26B7-414A-B5AD-27843E077FE8}"
EndProject
Project("{FAE04EC0-301F-11D3-BF4B-00C04F79EFBC}") = "OTTracker-Infrastructure", "src\OTTracker-Infrastructure\OTTracker-Infrastructure.csproj", "{1522889E-E596-4DB3-981C-16EE21FAF025}"
EndProject
Global
	GlobalSection(SolutionConfigurationPlatforms) = preSolution
		Debug|Any CPU = Debug|Any CPU
		Debug|x64 = Debug|x64
		Debug|x86 = Debug|x86
		Release|Any CPU = Release|Any CPU
		Release|x64 = Release|x64
		Release|x86 = Release|x86
	EndGlobalSection
	GlobalSection(ProjectConfigurationPlatforms) = postSolution
		{719DE572-53ED-4067-8C46-58F92E71E568}.Debug|Any CPU.ActiveCfg = Debug|Any CPU
		{719DE572-53ED-4067-8C46-58F92E71E568}.Debug|Any CPU.Build.0 = Debug|Any CPU
		{719DE572-53ED-4067-8C46-58F92E71E568}.Debug|Any CPU.Deploy.0 = Debug|Any CPU
		{719DE572-53ED-4067-8C46-58F92E71E568}.Debug|x64.ActiveCfg = Debug|Any CPU
		{719DE572-53ED-4067-8C46-58F92E71E568}.Debug|x64.Build.0 = Debug|Any CPU
		{719DE572-53ED-4067-8C46-58F92E71E568}.Debug|x86.ActiveCfg = Debug|Any CPU
		{719DE572-53ED-4067-8C46-58F92E71E568}.Debug|x86.Build.0 = Debug|Any CPU
		{719DE572-53ED-4067-8C46-58F92E71E568}.Release|Any CPU.ActiveCfg = Release|Any CPU
		{719DE572-53ED-4067-8C46-58F92E71E568}.Release|Any CPU.Build.0 = Release|Any CPU
		{719DE572-53ED-4067-8C46-58F92E71E568}.Release|x64.ActiveCfg = Release|Any CPU
		{719DE572-53ED-4067-8C46-58F92E71E568}.Release|x64.Build.0 = Release|Any CPU
		{719DE572-53ED-4067-8C46-58F92E71E568}.Release|x86.ActiveCfg = Release|Any CPU
		{719DE572-53ED-4067-8C46-58F92E71E568}.Release|x86.Build.0 = Release|Any CPU
		{1CC53223-A501-4D6F-A330-41B3A181EC88}.Debug|Any CPU.ActiveCfg = Debug|Any CPU
		{1CC53223-A501-4D6F-A330-41B3A181EC88}.Debug|Any CPU.Build.0 = Debug|Any CPU
		{1CC53223-A501-4D6F-A330-41B3A181EC88}.Debug|x64.ActiveCfg = Debug|Any CPU
		{1CC53223-A501-4D6F-A330-41B3A181EC88}.Debug|x64.Build.0 = Debug|Any CPU
		{1CC53223-A501-4D6F-A330-41B3A181EC88}.Debug|x86.ActiveCfg = Debug|Any CPU
		{1CC53223-A501-4D6F-A330-41B3A181EC88}.Debug|x86.Build.0 = Debug|Any CPU
		{1CC53223-A501-4D6F-A330-41B3A181EC88}.Release|Any CPU.ActiveCfg = Release|Any CPU
		{1CC53223-A501-4D6F-A330-41B3A181EC88}.Release|Any CPU.Build.0 = Release|Any CPU
		{1CC53223-A501-4D6F-A330-41B3A181EC88}.Release|x64.ActiveCfg = Release|Any CPU
		{1CC53223-A501-4D6F-A330-41B3A181EC88}.Release|x64.Build.0 = Release|Any CPU
		{1CC53223-A501-4D6F-A330-41B3A181EC88}.Release|x86.ActiveCfg = Release|Any CPU
		{1CC53223-A501-4D6F-A330-41B3A181EC88}.Release|x86.Build.0 = Release|Any CPU
		{DEA774D4-BFF0-F32B-5341-0EC5AFABBB3A}.Debug|Any CPU.ActiveCfg = Debug|Any CPU
		{DEA774D4-BFF0-F32B-5341-0EC5AFABBB3A}.Debug|Any CPU.Build.0 = Debug|Any CPU
		{DEA774D4-BFF0-F32B-5341-0EC5AFABBB3A}.Debug|x64.ActiveCfg = Debug|Any CPU
		{DEA774D4-BFF0-F32B-5341-0EC5AFABBB3A}.Debug|x64.Build.0 = Debug|Any CPU
		{DEA774D4-BFF0-F32B-5341-0EC5AFABBB3A}.Debug|x86.ActiveCfg = Debug|Any CPU
		{DEA774D4-BFF0-F32B-5341-0EC5AFABBB3A}.Debug|x86.Build.0 = Debug|Any CPU
		{DEA774D4-BFF0-F32B-5341-0EC5AFABBB3A}.Release|Any CPU.ActiveCfg = Release|Any CPU
		{DEA774D4-BFF0-F32B-5341-0EC5AFABBB3A}.Release|Any CPU.Build.0 = Release|Any CPU
		{DEA774D4-BFF0-F32B-5341-0EC5AFABBB3A}.Release|x64.ActiveCfg = Release|Any CPU
		{DEA774D4-BFF0-F32B-5341-0EC5AFABBB3A}.Release|x64.Build.0 = Release|Any CPU
		{DEA774D4-BFF0-F32B-5341-0EC5AFABBB3A}.Release|x86.ActiveCfg = Release|Any CPU
		{DEA774D4-BFF0-F32B-5341-0EC5AFABBB3A}.Release|x86.Build.0 = Release|Any CPU
		{905A45B3-CFDA-40B3-06DB-527606F5303D}.Debug|Any CPU.ActiveCfg = Debug|Any CPU
		{905A45B3-CFDA-40B3-06DB-527606F5303D}.Debug|Any CPU.Build.0 = Debug|Any CPU
		{905A45B3-CFDA-40B3-06DB-527606F5303D}.Debug|x64.ActiveCfg = Debug|Any CPU
		{905A45B3-CFDA-40B3-06DB-527606F5303D}.Debug|x64.Build.0 = Debug|Any CPU
		{905A45B3-CFDA-40B3-06DB-527606F5303D}.Debug|x86.ActiveCfg = Debug|Any CPU
		{905A45B3-CFDA-40B3-06DB-527606F5303D}.Debug|x86.Build.0 = Debug|Any CPU
		{905A45B3-CFDA-40B3-06DB-527606F5303D}.Release|Any CPU.ActiveCfg = Release|Any CPU
		{905A45B3-CFDA-40B3-06DB-527606F5303D}.Release|Any CPU.Build.0 = Release|Any CPU
		{905A45B3-CFDA-40B3-06DB-527606F5303D}.Release|x64.ActiveCfg = Release|Any CPU
		{905A45B3-CFDA-40B3-06DB-527606F5303D}.Release|x64.Build.0 = Release|Any CPU
		{905A45B3-CFDA-40B3-06DB-527606F5303D}.Release|x86.ActiveCfg = Release|Any CPU
		{905A45B3-CFDA-40B3-06DB-527606F5303D}.Release|x86.Build.0 = Release|Any CPU
		{D5E98E00-26B7-414A-B5AD-27843E077FE8}.Debug|Any CPU.ActiveCfg = Debug|Any CPU
		{D5E98E00-26B7-414A-B5AD-27843E077FE8}.Debug|Any CPU.Build.0 = Debug|Any CPU
		{D5E98E00-26B7-414A-B5AD-27843E077FE8}.Debug|x64.ActiveCfg = Debug|Any CPU
		{D5E98E00-26B7-414A-B5AD-27843E077FE8}.Debug|x64.Build.0 = Debug|Any CPU
		{D5E98E00-26B7-414A-B5AD-27843E077FE8}.Debug|x86.ActiveCfg = Debug|Any CPU
		{D5E98E00-26B7-414A-B5AD-27843E077FE8}.Debug|x86.Build.0 = Debug|Any CPU
		{D5E98E00-26B7-414A-B5AD-27843E077FE8}.Release|Any CPU.ActiveCfg = Release|Any CPU
		{D5E98E00-26B7-414A-B5AD-27843E077FE8}.Release|Any CPU.Build.0 = Release|Any CPU
		{D5E98E00-26B7-414A-B5AD-27843E077FE8}.Release|x64.ActiveCfg = Release|Any CPU
		{D5E98E00-26B7-414A-B5AD-27843E077FE8}.Release|x64.Build.0 = Release|Any CPU
		{D5E98E00-26B7-414A-B5AD-27843E077FE8}.Release|x86.ActiveCfg = Release|Any CPU
		{D5E98E00-26B7-414A-B5AD-27843E077FE8}.Release|x86.Build.0 = Release|Any CPU
		{1522889E-E596-4DB3-981C-16EE21FAF025}.Debug|Any CPU.ActiveCfg = Debug|Any CPU
		{1522889E-E596-4DB3-981C-16EE21FAF025}.Debug|Any CPU.Build.0 = Debug|Any CPU
		{1522889E-E596-4DB3-981C-16EE21FAF025}.Debug|x64.ActiveCfg = Debug|Any CPU
		{1522889E-E596-4DB3-981C-16EE21FAF025}.Debug|x64.Build.0 = Debug|Any CPU
		{1522889E-E596-4DB3-981C-16EE21FAF025}.Debug|x86.ActiveCfg = Debug|Any CPU
		{1522889E-E596-4DB3-981C-16EE21FAF025}.Debug|x86.Build.0 = Debug|Any CPU
		{1522889E-E596-4DB3-981C-16EE21FAF025}.Release|Any CPU.ActiveCfg = Release|Any CPU
		{1522889E-E596-4DB3-981C-16EE21FAF025}.Release|Any CPU.Build.0 = Release|Any CPU
		{1522889E-E596-4DB3-981C-16EE21FAF025}.Release|x64.ActiveCfg = Release|Any CPU
		{1522889E-E596-4DB3-981C-16EE21FAF025}.Release|x64.Build.0 = Release|Any CPU
		{1522889E-E596-4DB3-981C-16EE21FAF025}.Release|x86.ActiveCfg = Release|Any CPU
		{1522889E-E596-4DB3-981C-16EE21FAF025}.Release|x86.Build.0 = Release|Any CPU
	EndGlobalSection
	GlobalSection(SolutionProperties) = preSolution
		HideSolutionNode = FALSE
	EndGlobalSection
	GlobalSection(NestedProjects) = preSolution
		{719DE572-53ED-4067-8C46-58F92E71E568} = {B2A7329A-2743-49F3-9BD0-B8007CF445DA}
		{1CC53223-A501-4D6F-A330-41B3A181EC88} = {ADED3E12-8912-4FF4-ADDE-E76B3A7FA52D}
		{DEA774D4-BFF0-F32B-5341-0EC5AFABBB3A} = {ADED3E12-8912-4FF4-ADDE-E76B3A7FA52D}
		{905A45B3-CFDA-40B3-06DB-527606F5303D} = {B2A7329A-2743-49F3-9BD0-B8007CF445DA}
		{D5E98E00-26B7-414A-B5AD-27843E077FE8} = {B2A7329A-2743-49F3-9BD0-B8007CF445DA}
		{1522889E-E596-4DB3-981C-16EE21FAF025} = {B2A7329A-2743-49F3-9BD0-B8007CF445DA}
	EndGlobalSection
	GlobalSection(ExtensibilityGlobals) = postSolution
		SolutionGuid = {D7348A25-5E4E-447C-8D7F-13CBC7A7F35B}
	EndGlobalSection
EndGlobal
